
Microsoft Visual Studio Solution File, Format Version 12.00
# Visual Studio Version 17
VisualStudioVersion = 17.13.35825.156 d17.13
MinimumVisualStudioVersion = 10.0.40219.1
Project("{FAE04EC0-301F-11D3-BF4B-00C04F79EFBC}") = "HelloWorld.ConsoleApp", "HelloWorld.ConsoleApp\HelloWorld.ConsoleApp.csproj", "{76F0B7D7-BAE5-4262-BC56-86B9C3D88C3B}"
EndProject
Global
	GlobalSection(SolutionConfigurationPlatforms) = preSolution
		Debug|Any CPU = Debug|Any CPU
		Release|Any CPU = Release|Any CPU
	EndGlobalSection
	GlobalSection(ProjectConfigurationPlatforms) = postSolution
		{76F0B7D7-BAE5-4262-BC56-86B9C3D88C3B}.Debug|Any CPU.ActiveCfg = Debug|Any CPU
		{76F0B7D7-BAE5-4262-BC56-86B9C3D88C3B}.Debug|Any CPU.Build.0 = Debug|Any CPU
		{76F0B7D7-BAE5-4262-BC56-86B9C3D88C3B}.Release|Any CPU.ActiveCfg = Release|Any CPU
		{76F0B7D7-BAE5-4262-BC56-86B9C3D88C3B}.Release|Any CPU.Build.0 = Release|Any CPU
	EndGlobalSection
	GlobalSection(SolutionProperties) = preSolution
		HideSolutionNode = FALSE
	EndGlobalSection
	GlobalSection(ExtensibilityGlobals) = postSolution
		SolutionGuid = {D6B5A1B3-008C-4308-91E5-7F6856B701C9}
	EndGlobalSection
EndGlobal
